{
  "name": "TMQuest",
  "lockfileVersion": 3,
  "requires": true,
  "packages": {
    "": {
      "dependencies": {
        "break_infinity.js": "^2.2.0",
        "javascript-state-machine": "^3.1.0"
      }
    },
    "node_modules/break_infinity.js": {
      "version": "2.2.0",
      "resolved": "https://registry.npmjs.org/break_infinity.js/-/break_infinity.js-2.2.0.tgz",
      "integrity": "sha512-Li+150FfqGDj4gcJrgEJatFAR0OmfZyZLBGFKSHgjWKqKgWRm7GA+OmSSHwDFqkdOOjoY+R8X/jyDX/9MQEjmA==",
      "dependencies": {
        "pad-end": "^1.0.2"
      }
    },
    "node_modules/javascript-state-machine": {
      "version": "3.1.0",
      "resolved": "https://registry.npmjs.org/javascript-state-machine/-/javascript-state-machine-3.1.0.tgz",
      "integrity": "sha512-BwhYxQ1OPenBPXC735RgfB+ZUG8H3kjsx8hrYTgWnoy6TPipEy4fiicyhT2lxRKAXq9pG7CfFT8a2HLr6Hmwxg=="
    },
    "node_modules/pad-end": {
      "version": "1.0.2",
      "resolved": "https://registry.npmjs.org/pad-end/-/pad-end-1.0.2.tgz",
      "integrity": "sha512-pHkQejQ2oo08iXEDDFYxUK1xPe8L5fpbLSpkKk+ytimW70S8golMYFP9nAPTLXW6DTt+bF5QLcbswx5imMszHg=="
    }
  }
}
